// \!$*UTF8*$\!
{
	archiveVersion = 1;
	classes = {
	};
	objectVersion = 56;
	objects = {

/* Begin PBXBuildFile section */
		AA000020000000000000020A /* GymTrackerApp.swift in Sources */ = {isa = PBXBuildFile; fileRef = AA000010000000000000010A /* GymTrackerApp.swift */; };
		AA000021000000000000021A /* Models.swift in Sources */ = {isa = PBXBuildFile; fileRef = AA000011000000000000011A /* Models.swift */; };
		AA000022000000000000022A /* RoutineListView.swift in Sources */ = {isa = PBXBuildFile; fileRef = AA000012000000000000012A /* RoutineListView.swift */; };
		AA000023000000000000023A /* RoutineDetailView.swift in Sources */ = {isa = PBXBuildFile; fileRef = AA000013000000000000013A /* RoutineDetailView.swift */; };
		AA000024000000000000024A /* WorkoutDayView.swift in Sources */ = {isa = PBXBuildFile; fileRef = AA000014000000000000014A /* WorkoutDayView.swift */; };
		AA000025000000000000025A /* ExerciseCardView.swift in Sources */ = {isa = PBXBuildFile; fileRef = AA000015000000000000015A /* ExerciseCardView.swift */; };
		AA000026000000000000026A /* CreateRoutineView.swift in Sources */ = {isa = PBXBuildFile; fileRef = AA000016000000000000016A /* CreateRoutineView.swift */; };
/* End PBXBuildFile section */

/* Begin PBXFileReference section */
		AA000010000000000000010A /* GymTrackerApp.swift */ = {isa = PBXFileReference; lastKnownFileType = sourcecode.swift; path = GymTrackerApp.swift; sourceTree = "<group>"; };
		AA000011000000000000011A /* Models.swift */ = {isa = PBXFileReference; lastKnownFileType = sourcecode.swift; path = Models.swift; sourceTree = "<group>"; };
		AA000012000000000000012A /* RoutineListView.swift */ = {isa = PBXFileReference; lastKnownFileType = sourcecode.swift; path = RoutineListView.swift; sourceTree = "<group>"; };
		AA000013000000000000013A /* RoutineDetailView.swift */ = {isa = PBXFileReference; lastKnownFileType = sourcecode.swift; path = RoutineDetailView.swift; sourceTree = "<group>"; };
		AA000014000000000000014A /* WorkoutDayView.swift */ = {isa = PBXFileReference; lastKnownFileType = sourcecode.swift; path = WorkoutDayView.swift; sourceTree = "<group>"; };
		AA000015000000000000015A /* ExerciseCardView.swift */ = {isa = PBXFileReference; lastKnownFileType = sourcecode.swift; path = ExerciseCardView.swift; sourceTree = "<group>"; };
		AA000016000000000000016A /* CreateRoutineView.swift */ = {isa = PBXFileReference; lastKnownFileType = sourcecode.swift; path = CreateRoutineView.swift; sourceTree = "<group>"; };
		AA000017000000000000017A /* Info.plist */ = {isa = PBXFileReference; lastKnownFileType = text.plist.xml; path = Info.plist; sourceTree = "<group>"; };
		AA00000E0000000000000EAA /* GymTracker.app */ = {isa = PBXFileReference; explicitFileType = wrapper.application; includeInIndex = 0; path = GymTracker.app; sourceTree = BUILT_PRODUCTS_DIR; };
/* End PBXFileReference section */

/* Begin PBXFrameworksBuildPhase section */
		AA00000D0000000000000DAA /* Frameworks */ = {
			isa = PBXFrameworksBuildPhase;
			buildActionMask = 2147483647;
			files = (
			);
			runOnlyForDeploymentPostprocessing = 0;
		};
/* End PBXFrameworksBuildPhase section */

/* Begin PBXGroup section */
		AA000002000000000000002A = {
			isa = PBXGroup;
			children = (
				AA000003000000000000003A /* Products */,
				AA000010000000000000010A /* GymTracker group */,
			);
			sourceTree = "<group>";
		};
		AA000003000000000000003A /* Products */ = {
			isa = PBXGroup;
			children = (
				AA00000E0000000000000EAA /* GymTracker.app */,
			);
			name = Products;
			sourceTree = "<group>";
		};
		AA000010000000000000010A /* GymTracker */ = {
			isa = PBXGroup;
			children = (
				AA000010000000000000010A /* GymTrackerApp.swift */,
				AA000011000000000000011A /* Models.swift */,
				AA000012000000000000012A /* RoutineListView.swift */,
				AA000013000000000000013A /* RoutineDetailView.swift */,
				AA000014000000000000014A /* WorkoutDayView.swift */,
				AA000015000000000000015A /* ExerciseCardView.swift */,
				AA000016000000000000016A /* CreateRoutineView.swift */,
				AA000017000000000000017A /* Info.plist */,
			);
			path = GymTracker;
			sourceTree = "<group>";
		};
/* End PBXGroup section */

/* Begin PBXNativeTarget section */
		AA000004000000000000004A /* GymTracker */ = {
			isa = PBXNativeTarget;
			buildConfigurationList = AA00000A0000000000000AAA /* Build configuration list for PBXNativeTarget "GymTracker" */;
			buildPhases = (
				AA00000B0000000000000BAA /* Sources */,
				AA00000D0000000000000DAA /* Frameworks */,
				AA00000C0000000000000CAA /* Resources */,
			);
			buildRules = (
			);
			dependencies = (
			);
			name = GymTracker;
			productName = GymTracker;
			productReference = AA00000E0000000000000EAA /* GymTracker.app */;
			productType = "com.apple.product-type.application";
		};
/* End PBXNativeTarget section */

/* Begin PBXProject section */
		AA000001000000000000001A /* Project object */ = {
			isa = PBXProject;
			attributes = {
				BuildIndependentTargetsInParallel = 1;
				LastSwiftUpdateCheck = 1500;
				LastUpgradeCheck = 1500;
				TargetAttributes = {
					AA000004000000000000004A = {
						CreatedOnToolsVersion = 15.0;
					};
				};
			};
			buildConfigurationList = AA000009000000000000009A /* Build configuration list for PBXProject "GymTracker" */;
			compatibilityVersion = "Xcode 14.0";
			developmentRegion = en;
			hasScannedForEncodings = 0;
			knownRegions = (
				en,
				Base,
			);
			mainGroup = AA000002000000000000002A;
			productRefGroup = AA000003000000000000003A /* Products */;
			projectDirPath = "";
			projectRoot = "";
			targets = (
				AA000004000000000000004A /* GymTracker */,
			);
		};
/* End PBXProject section */

/* Begin PBXResourcesBuildPhase section */
		AA00000C0000000000000CAA /* Resources */ = {
			isa = PBXResourcesBuildPhase;
			buildActionMask = 2147483647;
			files = (
			);
			runOnlyForDeploymentPostprocessing = 0;
		};
/* End PBXResourcesBuildPhase section */

/* Begin PBXSourcesBuildPhase section */
		AA00000B0000000000000BAA /* Sources */ = {
			isa = PBXSourcesBuildPhase;
			buildActionMask = 2147483647;
			files = (
				AA000020000000000000020A /* GymTrackerApp.swift in Sources */,
				AA000021000000000000021A /* Models.swift in Sources */,
				AA000022000000000000022A /* RoutineListView.swift in Sources */,
				AA000023000000000000023A /* RoutineDetailView.swift in Sources */,
				AA000024000000000000024A /* WorkoutDayView.swift in Sources */,
				AA000025000000000000025A /* ExerciseCardView.swift in Sources */,
				AA000026000000000000026A /* CreateRoutineView.swift in Sources */,
			);
			runOnlyForDeploymentPostprocessing = 0;
		};
/* End PBXSourcesBuildPhase section */

/* Begin XCBuildConfiguration section */
		AA000007000000000000007A /* Debug */ = {
			isa = XCBuildConfiguration;
			buildSettings = {
				ALWAYS_SEARCH_USER_PATHS = NO;
				CLANG_ANALYZER_NONNULL = YES;
				CLANG_CXX_LANGUAGE_STANDARD = "gnu++20";
				CLANG_ENABLE_MODULES = YES;
				CLANG_ENABLE_OBJC_ARC = YES;
				CLANG_ENABLE_OBJC_WEAK = YES;
				COPY_PHASE_STRIP = NO;
				DEBUG_INFORMATION_FORMAT = dwarf;
				ENABLE_STRICT_OBJC_MSGSEND = YES;
				ENABLE_TESTABILITY = YES;
				GCC_C_LANGUAGE_STANDARD = gnu17;
				GCC_DYNAMIC_NO_PIC = NO;
				GCC_NO_COMMON_BLOCKS = YES;
				GCC_OPTIMIZATION_LEVEL = 0;
				GCC_PREPROCESSOR_DEFINITIONS = (
					"DEBUG=1",
					"$(inherited)",
				);
				IPHONEOS_DEPLOYMENT_TARGET = 17.0;
				MTL_ENABLE_DEBUG_INFO = INCLUDE_SOURCE;
				MTL_FAST_MATH = YES;
				ONLY_ACTIVE_ARCH = YES;
				SDKROOT = iphoneos;
				SWIFT_ACTIVE_COMPILATION_CONDITIONS = DEBUG;
				SWIFT_OPTIMIZATION_LEVEL = "-Onone";
			};
			name = Debug;
		};
		AA000008000000000000008A /* Release */ = {
			isa = XCBuildConfiguration;
			buildSettings = {
				ALWAYS_SEARCH_USER_PATHS = NO;
				CLANG_ANALYZER_NONNULL = YES;
				CLANG_CXX_LANGUAGE_STANDARD = "gnu++20";
				CLANG_ENABLE_MODULES = YES;
				CLANG_ENABLE_OBJC_ARC = YES;
				CLANG_ENABLE_OBJC_WEAK = YES;
				COPY_PHASE_STRIP = NO;
				DEBUG_INFORMATION_FORMAT = "dwarf-with-dsym";
				ENABLE_NS_ASSERTIONS = NO;
				ENABLE_STRICT_OBJC_MSGSEND = YES;
				GCC_C_LANGUAGE_STANDARD = gnu17;
				GCC_NO_COMMON_BLOCKS = YES;
				IPHONEOS_DEPLOYMENT_TARGET = 17.0;
				MTL_ENABLE_DEBUG_INFO = NO;
				MTL_FAST_MATH = YES;
				SDKROOT = iphoneos;
				SWIFT_COMPILATION_MODE = wholemodule;
				SWIFT_OPTIMIZATION_LEVEL = "-O";
				VALIDATE_PRODUCT = YES;
			};
			name = Release;
		};
		AA000005000000000000005A /* Debug */ = {
			isa = XCBuildConfiguration;
			buildSettings = {
				ASCETC_COMPRESS_PNG_FILES = YES;
				CODE_SIGN_STYLE = Automatic;
				CURRENT_PROJECT_VERSION = 1;
				DEVELOPMENT_ASSET_PATHS = "";
				ENABLE_PREVIEWS = YES;
				GENERATE_INFOPLIST_FILE = NO;
				INFOPLIST_FILE = GymTracker/Info.plist;
				IPHONEOS_DEPLOYMENT_TARGET = 17.0;
				LE_SWIFT_VERSION = 5.0;
				MARKETING_VERSION = 1.0;
				PRODUCT_BUNDLE_IDENTIFIER = com.gymtracker.app;
				PRODUCT_NAME = "$(TARGET_NAME)";
				SDKROOT = iphoneos;
				SWIFT_VERSION = 5.0;
				TARGETED_DEVICE_FAMILY = "1,2";
			};
			name = Debug;
		};
		AA000006000000000000006A /* Release */ = {
			isa = XCBuildConfiguration;
			buildSettings = {
				ASCETC_COMPRESS_PNG_FILES = YES;
				CODE_SIGN_STYLE = Automatic;
				CURRENT_PROJECT_VERSION = 1;
				DEVELOPMENT_ASSET_PATHS = "";
				ENABLE_PREVIEWS = YES;
				GENERATE_INFOPLIST_FILE = NO;
				INFOPLIST_FILE = GymTracker/Info.plist;
				IPHONEOS_DEPLOYMENT_TARGET = 17.0;
				LE_SWIFT_VERSION = 5.0;
				MARKETING_VERSION = 1.0;
				PRODUCT_BUNDLE_IDENTIFIER = com.gymtracker.app;
				PRODUCT_NAME = "$(TARGET_NAME)";
				SDKROOT = iphoneos;
				SWIFT_VERSION = 5.0;
				TARGETED_DEVICE_FAMILY = "1,2";
			};
			name = Release;
		};
/* End XCBuildConfiguration section */

/* Begin XCConfigurationList section */
		AA000009000000000000009A /* Build configuration list for PBXProject "GymTracker" */ = {
			isa = XCConfigurationList;
			buildConfigurations = (
				AA000007000000000000007A /* Debug */,
				AA000008000000000000008A /* Release */,
			);
			defaultConfigurationIsVisible = 0;
			defaultConfigurationName = Release;
		};
		AA00000A0000000000000AAA /* Build configuration list for PBXNativeTarget "GymTracker" */ = {
			isa = XCConfigurationList;
			buildConfigurations = (
				AA000005000000000000005A /* Debug */,
				AA000006000000000000006A /* Release */,
			);
			defaultConfigurationIsVisible = 0;
			defaultConfigurationName = Release;
		};
/* End XCConfigurationList section */
	};
	rootObject = AA000001000000000000001A /* Project object */;
}
